// !$*UTF8*$!
{
	archiveVersion = 1;
	classes = {
	};
	objectVersion = 46;
	objects = {

/* Begin PBXBuildFile section */
		0A0C9BB51C3929AA00FB7387 /* AppDelegate.swift in Sources */ = {isa = PBXBuildFile; fileRef = 0A0C9BB41C3929AA00FB7387 /* AppDelegate.swift */; };
		0A0C9BB71C3929AA00FB7387 /* FirstViewController.swift in Sources */ = {isa = PBXBuildFile; fileRef = 0A0C9BB61C3929AA00FB7387 /* FirstViewController.swift */; };
		0A0C9BBE1C3929AA00FB7387 /* Assets.xcassets in Resources */ = {isa = PBXBuildFile; fileRef = 0A0C9BBD1C3929AA00FB7387 /* Assets.xcassets */; };
		0A0C9BC11C3929AA00FB7387 /* LaunchScreen.storyboard in Resources */ = {isa = PBXBuildFile; fileRef = 0A0C9BBF1C3929AA00FB7387 /* LaunchScreen.storyboard */; };
		0A0C9BCC1C3929AA00FB7387 /* firstSwiftTabTests.swift in Sources */ = {isa = PBXBuildFile; fileRef = 0A0C9BCB1C3929AA00FB7387 /* firstSwiftTabTests.swift */; };
		0A0C9BD71C3929AB00FB7387 /* firstSwiftTabUITests.swift in Sources */ = {isa = PBXBuildFile; fileRef = 0A0C9BD61C3929AB00FB7387 /* firstSwiftTabUITests.swift */; };
		0A0C9BE61C392E8200FB7387 /* images-3.jpeg in Resources */ = {isa = PBXBuildFile; fileRef = 0A0C9BE41C392E8200FB7387 /* images-3.jpeg */; };
		0A0C9BE71C392E8200FB7387 /* default.png.jpeg in Resources */ = {isa = PBXBuildFile; fileRef = 0A0C9BE51C392E8200FB7387 /* default.png.jpeg */; };
		0A0C9BE91C39372600FB7387 /* 18611.png in Resources */ = {isa = PBXBuildFile; fileRef = 0A0C9BE81C39372600FB7387 /* 18611.png */; };
		0A0C9BEB1C39396F00FB7387 /* images.png in Resources */ = {isa = PBXBuildFile; fileRef = 0A0C9BEA1C39396F00FB7387 /* images.png */; };
		0A0C9BF31C393F1800FB7387 /* setting.png in Resources */ = {isa = PBXBuildFile; fileRef = 0A0C9BF21C393F1800FB7387 /* setting.png */; };
		0A0C9BF51C393F5C00FB7387 /* chat.png in Resources */ = {isa = PBXBuildFile; fileRef = 0A0C9BF41C393F5C00FB7387 /* chat.png */; };
		0A0C9BFE1C3A344A00FB7387 /* Main 10-29-21-568.storyboard in Resources */ = {isa = PBXBuildFile; fileRef = 0A0C9BFC1C3A344900FB7387 /* Main 10-29-21-568.storyboard */; };
		0A0C9C001C3A3D4500FB7387 /* SettingTableViewController.swift in Sources */ = {isa = PBXBuildFile; fileRef = 0A0C9BFF1C3A3D4500FB7387 /* SettingTableViewController.swift */; };
		0A0C9C021C3A3F9C00FB7387 /* SettingDetailsViewController.swift in Sources */ = {isa = PBXBuildFile; fileRef = 0A0C9C011C3A3F9C00FB7387 /* SettingDetailsViewController.swift */; };
		0A2E89841C3AABC90025548B /* ChatViewController.swift in Sources */ = {isa = PBXBuildFile; fileRef = 0A2E89831C3AABC90025548B /* ChatViewController.swift */; };
		0A2E89C51C3BCADA0025548B /* background.jpg in Resources */ = {isa = PBXBuildFile; fileRef = 0A2E89C41C3BCADA0025548B /* background.jpg */; };
/* End PBXBuildFile section */

/* Begin PBXContainerItemProxy section */
		0A0C9BC81C3929AA00FB7387 /* PBXContainerItemProxy */ = {
			isa = PBXContainerItemProxy;
			containerPortal = 0A0C9BA91C3929AA00FB7387 /* Project object */;
			proxyType = 1;
			remoteGlobalIDString = 0A0C9BB01C3929AA00FB7387;
			remoteInfo = firstSwiftTab;
		};
		0A0C9BD31C3929AA00FB7387 /* PBXContainerItemProxy */ = {
			isa = PBXContainerItemProxy;
			containerPortal = 0A0C9BA91C3929AA00FB7387 /* Project object */;
			proxyType = 1;
			remoteGlobalIDString = 0A0C9BB01C3929AA00FB7387;
			remoteInfo = firstSwiftTab;
		};
/* End PBXContainerItemProxy section */

/* Begin PBXFileReference section */
		0A0C9BB11C3929AA00FB7387 /* firstSwiftTab.app */ = {isa = PBXFileReference; explicitFileType = wrapper.application; includeInIndex = 0; path = firstSwiftTab.app; sourceTree = BUILT_PRODUCTS_DIR; };
		0A0C9BB41C3929AA00FB7387 /* AppDelegate.swift */ = {isa = PBXFileReference; lastKnownFileType = sourcecode.swift; path = AppDelegate.swift; sourceTree = "<group>"; };
		0A0C9BB61C3929AA00FB7387 /* FirstViewController.swift */ = {isa = PBXFileReference; lastKnownFileType = sourcecode.swift; path = FirstViewController.swift; sourceTree = "<group>"; };
		0A0C9BBD1C3929AA00FB7387 /* Assets.xcassets */ = {isa = PBXFileReference; lastKnownFileType = folder.assetcatalog; path = Assets.xcassets; sourceTree = "<group>"; };
		0A0C9BC01C3929AA00FB7387 /* Base */ = {isa = PBXFileReference; lastKnownFileType = file.storyboard; name = Base; path = Base.lproj/LaunchScreen.storyboard; sourceTree = "<group>"; };
		0A0C9BC21C3929AA00FB7387 /* Info.plist */ = {isa = PBXFileReference; lastKnownFileType = text.plist.xml; path = Info.plist; sourceTree = "<group>"; };
		0A0C9BC71C3929AA00FB7387 /* firstSwiftTabTests.xctest */ = {isa = PBXFileReference; explicitFileType = wrapper.cfbundle; includeInIndex = 0; path = firstSwiftTabTests.xctest; sourceTree = BUILT_PRODUCTS_DIR; };
		0A0C9BCB1C3929AA00FB7387 /* firstSwiftTabTests.swift */ = {isa = PBXFileReference; lastKnownFileType = sourcecode.swift; path = firstSwiftTabTests.swift; sourceTree = "<group>"; };
		0A0C9BCD1C3929AA00FB7387 /* Info.plist */ = {isa = PBXFileReference; lastKnownFileType = text.plist.xml; path = Info.plist; sourceTree = "<group>"; };
		0A0C9BD21C3929AA00FB7387 /* firstSwiftTabUITests.xctest */ = {isa = PBXFileReference; explicitFileType = wrapper.cfbundle; includeInIndex = 0; path = firstSwiftTabUITests.xctest; sourceTree = BUILT_PRODUCTS_DIR; };
		0A0C9BD61C3929AB00FB7387 /* firstSwiftTabUITests.swift */ = {isa = PBXFileReference; lastKnownFileType = sourcecode.swift; path = firstSwiftTabUITests.swift; sourceTree = "<group>"; };
		0A0C9BD81C3929AB00FB7387 /* Info.plist */ = {isa = PBXFileReference; lastKnownFileType = text.plist.xml; path = Info.plist; sourceTree = "<group>"; };
		0A0C9BE41C392E8200FB7387 /* images-3.jpeg */ = {isa = PBXFileReference; lastKnownFileType = image.jpeg; path = "images-3.jpeg"; sourceTree = "<group>"; };
		0A0C9BE51C392E8200FB7387 /* default.png.jpeg */ = {isa = PBXFileReference; lastKnownFileType = image.jpeg; path = default.png.jpeg; sourceTree = "<group>"; };
		0A0C9BE81C39372600FB7387 /* 18611.png */ = {isa = PBXFileReference; lastKnownFileType = image.png; path = 18611.png; sourceTree = "<group>"; };
		0A0C9BEA1C39396F00FB7387 /* images.png */ = {isa = PBXFileReference; lastKnownFileType = image.png; path = images.png; sourceTree = "<group>"; };
		0A0C9BF21C393F1800FB7387 /* setting.png */ = {isa = PBXFileReference; lastKnownFileType = image.png; path = setting.png; sourceTree = "<group>"; };
		0A0C9BF41C393F5C00FB7387 /* chat.png */ = {isa = PBXFileReference; lastKnownFileType = image.png; path = chat.png; sourceTree = "<group>"; };
		0A0C9BFD1C3A344A00FB7387 /* Base */ = {isa = PBXFileReference; lastKnownFileType = file.storyboard; name = Base; path = "Base.lproj/Main 10-29-21-568.storyboard"; sourceTree = "<group>"; };
		0A0C9BFF1C3A3D4500FB7387 /* SettingTableViewController.swift */ = {isa = PBXFileReference; fileEncoding = 4; lastKnownFileType = sourcecode.swift; path = SettingTableViewController.swift; sourceTree = "<group>"; };
		0A0C9C011C3A3F9C00FB7387 /* SettingDetailsViewController.swift */ = {isa = PBXFileReference; fileEncoding = 4; lastKnownFileType = sourcecode.swift; path = SettingDetailsViewController.swift; sourceTree = "<group>"; };
		0A2E89831C3AABC90025548B /* ChatViewController.swift */ = {isa = PBXFileReference; fileEncoding = 4; lastKnownFileType = sourcecode.swift; path = ChatViewController.swift; sourceTree = "<group>"; };
		0A2E89C41C3BCADA0025548B /* background.jpg */ = {isa = PBXFileReference; lastKnownFileType = image.jpeg; path = background.jpg; sourceTree = "<group>"; };
/* End PBXFileReference section */

/* Begin PBXFrameworksBuildPhase section */
		0A0C9BAE1C3929AA00FB7387 /* Frameworks */ = {
			isa = PBXFrameworksBuildPhase;
			buildActionMask = 2147483647;
			files = (
			);
			runOnlyForDeploymentPostprocessing = 0;
		};
		0A0C9BC41C3929AA00FB7387 /* Frameworks */ = {
			isa = PBXFrameworksBuildPhase;
			buildActionMask = 2147483647;
			files = (
			);
			runOnlyForDeploymentPostprocessing = 0;
		};
		0A0C9BCF1C3929AA00FB7387 /* Frameworks */ = {
			isa = PBXFrameworksBuildPhase;
			buildActionMask = 2147483647;
			files = (
			);
			runOnlyForDeploymentPostprocessing = 0;
		};
/* End PBXFrameworksBuildPhase section */

/* Begin PBXGroup section */
		0A0C9BA81C3929AA00FB7387 = {
			isa = PBXGroup;
			children = (
				0A0C9BB31C3929AA00FB7387 /* firstSwiftTab */,
				0A0C9BCA1C3929AA00FB7387 /* firstSwiftTabTests */,
				0A0C9BD51C3929AB00FB7387 /* firstSwiftTabUITests */,
				0A0C9BB21C3929AA00FB7387 /* Products */,
			);
			sourceTree = "<group>";
		};
		0A0C9BB21C3929AA00FB7387 /* Products */ = {
			isa = PBXGroup;
			children = (
				0A0C9BB11C3929AA00FB7387 /* firstSwiftTab.app */,
				0A0C9BC71C3929AA00FB7387 /* firstSwiftTabTests.xctest */,
				0A0C9BD21C3929AA00FB7387 /* firstSwiftTabUITests.xctest */,
			);
			name = Products;
			sourceTree = "<group>";
		};
		0A0C9BB31C3929AA00FB7387 /* firstSwiftTab */ = {
			isa = PBXGroup;
			children = (
				0A2E89C41C3BCADA0025548B /* background.jpg */,
				0A0C9BF41C393F5C00FB7387 /* chat.png */,
				0A0C9BF21C393F1800FB7387 /* setting.png */,
				0A0C9BEA1C39396F00FB7387 /* images.png */,
				0A0C9BE81C39372600FB7387 /* 18611.png */,
				0A0C9BE41C392E8200FB7387 /* images-3.jpeg */,
				0A0C9BE51C392E8200FB7387 /* default.png.jpeg */,
				0A0C9BB41C3929AA00FB7387 /* AppDelegate.swift */,
				0A0C9C081C3A8F0F00FB7387 /* Chats */,
				0A0C9BFC1C3A344900FB7387 /* Main 10-29-21-568.storyboard */,
				0A0C9C031C3A3FF900FB7387 /* Settings */,
				0A0C9BBD1C3929AA00FB7387 /* Assets.xcassets */,
				0A0C9BBF1C3929AA00FB7387 /* LaunchScreen.storyboard */,
				0A0C9BC21C3929AA00FB7387 /* Info.plist */,
			);
			path = firstSwiftTab;
			sourceTree = "<group>";
		};
		0A0C9BCA1C3929AA00FB7387 /* firstSwiftTabTests */ = {
			isa = PBXGroup;
			children = (
				0A0C9BCB1C3929AA00FB7387 /* firstSwiftTabTests.swift */,
				0A0C9BCD1C3929AA00FB7387 /* Info.plist */,
			);
			path = firstSwiftTabTests;
			sourceTree = "<group>";
		};
		0A0C9BD51C3929AB00FB7387 /* firstSwiftTabUITests */ = {
			isa = PBXGroup;
			children = (
				0A0C9BD61C3929AB00FB7387 /* firstSwiftTabUITests.swift */,
				0A0C9BD81C3929AB00FB7387 /* Info.plist */,
			);
			path = firstSwiftTabUITests;
			sourceTree = "<group>";
		};
		0A0C9C031C3A3FF900FB7387 /* Settings */ = {
			isa = PBXGroup;
			children = (
				0A0C9C011C3A3F9C00FB7387 /* SettingDetailsViewController.swift */,
				0A0C9BFF1C3A3D4500FB7387 /* SettingTableViewController.swift */,
			);
			name = Settings;
			sourceTree = "<group>";
		};
		0A0C9C081C3A8F0F00FB7387 /* Chats */ = {
			isa = PBXGroup;
			children = (
				0A0C9BB61C3929AA00FB7387 /* FirstViewController.swift */,
				0A2E89831C3AABC90025548B /* ChatViewController.swift */,
			);
			name = Chats;
			sourceTree = "<group>";
		};
/* End PBXGroup section */

/* Begin PBXNativeTarget section */
		0A0C9BB01C3929AA00FB7387 /* firstSwiftTab */ = {
			isa = PBXNativeTarget;
			buildConfigurationList = 0A0C9BDB1C3929AB00FB7387 /* Build configuration list for PBXNativeTarget "firstSwiftTab" */;
			buildPhases = (
				0A0C9BAD1C3929AA00FB7387 /* Sources */,
				0A0C9BAE1C3929AA00FB7387 /* Frameworks */,
				0A0C9BAF1C3929AA00FB7387 /* Resources */,
			);
			buildRules = (
			);
			dependencies = (
			);
			name = firstSwiftTab;
			productName = firstSwiftTab;
			productReference = 0A0C9BB11C3929AA00FB7387 /* firstSwiftTab.app */;
			productType = "com.apple.product-type.application";
		};
		0A0C9BC61C3929AA00FB7387 /* firstSwiftTabTests */ = {
			isa = PBXNativeTarget;
			buildConfigurationList = 0A0C9BDE1C3929AB00FB7387 /* Build configuration list for PBXNativeTarget "firstSwiftTabTests" */;
			buildPhases = (
				0A0C9BC31C3929AA00FB7387 /* Sources */,
				0A0C9BC41C3929AA00FB7387 /* Frameworks */,
				0A0C9BC51C3929AA00FB7387 /* Resources */,
			);
			buildRules = (
			);
			dependencies = (
				0A0C9BC91C3929AA00FB7387 /* PBXTargetDependency */,
			);
			name = firstSwiftTabTests;
			productName = firstSwiftTabTests;
			productReference = 0A0C9BC71C3929AA00FB7387 /* firstSwiftTabTests.xctest */;
			productType = "com.apple.product-type.bundle.unit-test";
		};
		0A0C9BD11C3929AA00FB7387 /* firstSwiftTabUITests */ = {
			isa = PBXNativeTarget;
			buildConfigurationList = 0A0C9BE11C3929AB00FB7387 /* Build configuration list for PBXNativeTarget "firstSwiftTabUITests" */;
			buildPhases = (
				0A0C9BCE1C3929AA00FB7387 /* Sources */,
				0A0C9BCF1C3929AA00FB7387 /* Frameworks */,
				0A0C9BD01C3929AA00FB7387 /* Resources */,
			);
			buildRules = (
			);
			dependencies = (
				0A0C9BD41C3929AA00FB7387 /* PBXTargetDependency */,
			);
			name = firstSwiftTabUITests;
			productName = firstSwiftTabUITests;
			productReference = 0A0C9BD21C3929AA00FB7387 /* firstSwiftTabUITests.xctest */;
			productType = "com.apple.product-type.bundle.ui-testing";
		};
/* End PBXNativeTarget section */

/* Begin PBXProject section */
		0A0C9BA91C3929AA00FB7387 /* Project object */ = {
			isa = PBXProject;
			attributes = {
				LastSwiftUpdateCheck = 0720;
				LastUpgradeCheck = 0720;
				ORGANIZATIONNAME = BridgeLabz;
				TargetAttributes = {
					0A0C9BB01C3929AA00FB7387 = {
						CreatedOnToolsVersion = 7.2;
					};
					0A0C9BC61C3929AA00FB7387 = {
						CreatedOnToolsVersion = 7.2;
						TestTargetID = 0A0C9BB01C3929AA00FB7387;
					};
					0A0C9BD11C3929AA00FB7387 = {
						CreatedOnToolsVersion = 7.2;
						TestTargetID = 0A0C9BB01C3929AA00FB7387;
					};
				};
			};
			buildConfigurationList = 0A0C9BAC1C3929AA00FB7387 /* Build configuration list for PBXProject "firstSwiftTab" */;
			compatibilityVersion = "Xcode 3.2";
			developmentRegion = English;
			hasScannedForEncodings = 0;
			knownRegions = (
				en,
				Base,
			);
			mainGroup = 0A0C9BA81C3929AA00FB7387;
			productRefGroup = 0A0C9BB21C3929AA00FB7387 /* Products */;
			projectDirPath = "";
			projectRoot = "";
			targets = (
				0A0C9BB01C3929AA00FB7387 /* firstSwiftTab */,
				0A0C9BC61C3929AA00FB7387 /* firstSwiftTabTests */,
				0A0C9BD11C3929AA00FB7387 /* firstSwiftTabUITests */,
			);
		};
/* End PBXProject section */

/* Begin PBXResourcesBuildPhase section */
		0A0C9BAF1C3929AA00FB7387 /* Resources */ = {
			isa = PBXResourcesBuildPhase;
			buildActionMask = 2147483647;
			files = (
				0A0C9BC11C3929AA00FB7387 /* LaunchScreen.storyboard in Resources */,
				0A0C9BBE1C3929AA00FB7387 /* Assets.xcassets in Resources */,
				0A0C9BF51C393F5C00FB7387 /* chat.png in Resources */,
				0A0C9BE71C392E8200FB7387 /* default.png.jpeg in Resources */,
				0A0C9BE91C39372600FB7387 /* 18611.png in Resources */,
				0A2E89C51C3BCADA0025548B /* background.jpg in Resources */,
				0A0C9BF31C393F1800FB7387 /* setting.png in Resources */,
				0A0C9BEB1C39396F00FB7387 /* images.png in Resources */,
				0A0C9BFE1C3A344A00FB7387 /* Main 10-29-21-568.storyboard in Resources */,
				0A0C9BE61C392E8200FB7387 /* images-3.jpeg in Resources */,
			);
			runOnlyForDeploymentPostprocessing = 0;
		};
		0A0C9BC51C3929AA00FB7387 /* Resources */ = {
			isa = PBXResourcesBuildPhase;
			buildActionMask = 2147483647;
			files = (
			);
			runOnlyForDeploymentPostprocessing = 0;
		};
		0A0C9BD01C3929AA00FB7387 /* Resources */ = {
			isa = PBXResourcesBuildPhase;
			buildActionMask = 2147483647;
			files = (
			);
			runOnlyForDeploymentPostprocessing = 0;
		};
/* End PBXResourcesBuildPhase section */

/* Begin PBXSourcesBuildPhase section */
		0A0C9BAD1C3929AA00FB7387 /* Sources */ = {
			isa = PBXSourcesBuildPhase;
			buildActionMask = 2147483647;
			files = (
				0A0C9C021C3A3F9C00FB7387 /* SettingDetailsViewController.swift in Sources */,
				0A0C9C001C3A3D4500FB7387 /* SettingTableViewController.swift in Sources */,
				0A0C9BB51C3929AA00FB7387 /* AppDelegate.swift in Sources */,
				0A2E89841C3AABC90025548B /* ChatViewController.swift in Sources */,
				0A0C9BB71C3929AA00FB7387 /* FirstViewController.swift in Sources */,
			);
			runOnlyForDeploymentPostprocessing = 0;
		};
		0A0C9BC31C3929AA00FB7387 /* Sources */ = {
			isa = PBXSourcesBuildPhase;
			buildActionMask = 2147483647;
			files = (
				0A0C9BCC1C3929AA00FB7387 /* firstSwiftTabTests.swift in Sources */,
			);
			runOnlyForDeploymentPostprocessing = 0;
		};
		0A0C9BCE1C3929AA00FB7387 /* Sources */ = {
			isa = PBXSourcesBuildPhase;
			buildActionMask = 2147483647;
			files = (
				0A0C9BD71C3929AB00FB7387 /* firstSwiftTabUITests.swift in Sources */,
			);
			runOnlyForDeploymentPostprocessing = 0;
		};
/* End PBXSourcesBuildPhase section */

/* Begin PBXTargetDependency section */
		0A0C9BC91C3929AA00FB7387 /* PBXTargetDependency */ = {
			isa = PBXTargetDependency;
			target = 0A0C9BB01C3929AA00FB7387 /* firstSwiftTab */;
			targetProxy = 0A0C9BC81C3929AA00FB7387 /* PBXContainerItemProxy */;
		};
		0A0C9BD41C3929AA00FB7387 /* PBXTargetDependency */ = {
			isa = PBXTargetDependency;
			target = 0A0C9BB01C3929AA00FB7387 /* firstSwiftTab */;
			targetProxy = 0A0C9BD31C3929AA00FB7387 /* PBXContainerItemProxy */;
		};
/* End PBXTargetDependency section */

/* Begin PBXVariantGroup section */
		0A0C9BBF1C3929AA00FB7387 /* LaunchScreen.storyboard */ = {
			isa = PBXVariantGroup;
			children = (
				0A0C9BC01C3929AA00FB7387 /* Base */,
			);
			name = LaunchScreen.storyboard;
			sourceTree = "<group>";
		};
		0A0C9BFC1C3A344900FB7387 /* Main 10-29-21-568.storyboard */ = {
			isa = PBXVariantGroup;
			children = (
				0A0C9BFD1C3A344A00FB7387 /* Base */,
			);
			name = "Main 10-29-21-568.storyboard";
			sourceTree = "<group>";
		};
/* End PBXVariantGroup section */

/* Begin XCBuildConfiguration section */
		0A0C9BD91C3929AB00FB7387 /* Debug */ = {
			isa = XCBuildConfiguration;
			buildSettings = {
				ALWAYS_SEARCH_USER_PATHS = NO;
				CLANG_CXX_LANGUAGE_STANDARD = "gnu++0x";
				CLANG_CXX_LIBRARY = "libc++";
				CLANG_ENABLE_MODULES = YES;
				CLANG_ENABLE_OBJC_ARC = YES;
				CLANG_WARN_BOOL_CONVERSION = YES;
				CLANG_WARN_CONSTANT_CONVERSION = YES;
				CLANG_WARN_DIRECT_OBJC_ISA_USAGE = YES_ERROR;
				CLANG_WARN_EMPTY_BODY = YES;
				CLANG_WARN_ENUM_CONVERSION = YES;
				CLANG_WARN_INT_CONVERSION = YES;
				CLANG_WARN_OBJC_ROOT_CLASS = YES_ERROR;
				CLANG_WARN_UNREACHABLE_CODE = YES;
				CLANG_WARN__DUPLICATE_METHOD_MATCH = YES;
				"CODE_SIGN_IDENTITY[sdk=iphoneos*]" = "iPhone Developer";
				COPY_PHASE_STRIP = NO;
				DEBUG_INFORMATION_FORMAT = dwarf;
				ENABLE_STRICT_OBJC_MSGSEND = YES;
				ENABLE_TESTABILITY = YES;
				GCC_C_LANGUAGE_STANDARD = gnu99;
				GCC_DYNAMIC_NO_PIC = NO;
				GCC_NO_COMMON_BLOCKS = YES;
				GCC_OPTIMIZATION_LEVEL = 0;
				GCC_PREPROCESSOR_DEFINITIONS = (
					"DEBUG=1",
					"$(inherited)",
				);
				GCC_WARN_64_TO_32_BIT_CONVERSION = YES;
				GCC_WARN_ABOUT_RETURN_TYPE = YES_ERROR;
				GCC_WARN_UNDECLARED_SELECTOR = YES;
				GCC_WARN_UNINITIALIZED_AUTOS = YES_AGGRESSIVE;
				GCC_WARN_UNUSED_FUNCTION = YES;
				GCC_WARN_UNUSED_VARIABLE = YES;
				IPHONEOS_DEPLOYMENT_TARGET = 9.2;
				MTL_ENABLE_DEBUG_INFO = YES;
				ONLY_ACTIVE_ARCH = YES;
				SDKROOT = iphoneos;
				SWIFT_OPTIMIZATION_LEVEL = "-Onone";
			};
			name = Debug;
		};
		0A0C9BDA1C3929AB00FB7387 /* Release */ = {
			isa = XCBuildConfiguration;
			buildSettings = {
				ALWAYS_SEARCH_USER_PATHS = NO;
				CLANG_CXX_LANGUAGE_STANDARD = "gnu++0x";
				CLANG_CXX_LIBRARY = "libc++";
				CLANG_ENABLE_MODULES = YES;
				CLANG_ENABLE_OBJC_ARC = YES;
				CLANG_WARN_BOOL_CONVERSION = YES;
				CLANG_WARN_CONSTANT_CONVERSION = YES;
				CLANG_WARN_DIRECT_OBJC_ISA_USAGE = YES_ERROR;
				CLANG_WARN_EMPTY_BODY = YES;
				CLANG_WARN_ENUM_CONVERSION = YES;
				CLANG_WARN_INT_CONVERSION = YES;
				CLANG_WARN_OBJC_ROOT_CLASS = YES_ERROR;
				CLANG_WARN_UNREACHABLE_CODE = YES;
				CLANG_WARN__DUPLICATE_METHOD_MATCH = YES;
				"CODE_SIGN_IDENTITY[sdk=iphoneos*]" = "iPhone Developer";
				COPY_PHASE_STRIP = NO;
				DEBUG_INFORMATION_FORMAT = "dwarf-with-dsym";
				ENABLE_NS_ASSERTIONS = NO;
				ENABLE_STRICT_OBJC_MSGSEND = YES;
				GCC_C_LANGUAGE_STANDARD = gnu99;
				GCC_NO_COMMON_BLOCKS = YES;
				GCC_WARN_64_TO_32_BIT_CONVERSION = YES;
				GCC_WARN_ABOUT_RETURN_TYPE = YES_ERROR;
				GCC_WARN_UNDECLARED_SELECTOR = YES;
				GCC_WARN_UNINITIALIZED_AUTOS = YES_AGGRESSIVE;
				GCC_WARN_UNUSED_FUNCTION = YES;
				GCC_WARN_UNUSED_VARIABLE = YES;
				IPHONEOS_DEPLOYMENT_TARGET = 9.2;
				MTL_ENABLE_DEBUG_INFO = NO;
				SDKROOT = iphoneos;
				VALIDATE_PRODUCT = YES;
			};
			name = Release;
		};
		0A0C9BDC1C3929AB00FB7387 /* Debug */ = {
			isa = XCBuildConfiguration;
			buildSettings = {
				ASSETCATALOG_COMPILER_APPICON_NAME = AppIcon;
				INFOPLIST_FILE = firstSwiftTab/Info.plist;
				LD_RUNPATH_SEARCH_PATHS = "$(inherited) @executable_path/Frameworks";
				PRODUCT_BUNDLE_IDENTIFIER = ABCD.firstSwiftTab;
				PRODUCT_NAME = "$(TARGET_NAME)";
			};
			name = Debug;
		};
		0A0C9BDD1C3929AB00FB7387 /* Release */ = {
			isa = XCBuildConfiguration;
			buildSettings = {
				ASSETCATALOG_COMPILER_APPICON_NAME = AppIcon;
				INFOPLIST_FILE = firstSwiftTab/Info.plist;
				LD_RUNPATH_SEARCH_PATHS = "$(inherited) @executable_path/Frameworks";
				PRODUCT_BUNDLE_IDENTIFIER = ABCD.firstSwiftTab;
				PRODUCT_NAME = "$(TARGET_NAME)";
			};
			name = Release;
		};
		0A0C9BDF1C3929AB00FB7387 /* Debug */ = {
			isa = XCBuildConfiguration;
			buildSettings = {
				BUNDLE_LOADER = "$(TEST_HOST)";
				INFOPLIST_FILE = firstSwiftTabTests/Info.plist;
				LD_RUNPATH_SEARCH_PATHS = "$(inherited) @executable_path/Frameworks @loader_path/Frameworks";
				PRODUCT_BUNDLE_IDENTIFIER = ABCD.firstSwiftTabTests;
				PRODUCT_NAME = "$(TARGET_NAME)";
				TEST_HOST = "$(BUILT_PRODUCTS_DIR)/firstSwiftTab.app/firstSwiftTab";
			};
			name = Debug;
		};
		0A0C9BE01C3929AB00FB7387 /* Release */ = {
			isa = XCBuildConfiguration;
			buildSettings = {
				BUNDLE_LOADER = "$(TEST_HOST)";
				INFOPLIST_FILE = firstSwiftTabTests/Info.plist;
				LD_RUNPATH_SEARCH_PATHS = "$(inherited) @executable_path/Frameworks @loader_path/Frameworks";
				PRODUCT_BUNDLE_IDENTIFIER = ABCD.firstSwiftTabTests;
				PRODUCT_NAME = "$(TARGET_NAME)";
				TEST_HOST = "$(BUILT_PRODUCTS_DIR)/firstSwiftTab.app/firstSwiftTab";
			};
			name = Release;
		};
		0A0C9BE21C3929AB00FB7387 /* Debug */ = {
			isa = XCBuildConfiguration;
			buildSettings = {
				INFOPLIST_FILE = firstSwiftTabUITests/Info.plist;
				LD_RUNPATH_SEARCH_PATHS = "$(inherited) @executable_path/Frameworks @loader_path/Frameworks";
				PRODUCT_BUNDLE_IDENTIFIER = ABCD.firstSwiftTabUITests;
				PRODUCT_NAME = "$(TARGET_NAME)";
				TEST_TARGET_NAME = firstSwiftTab;
				USES_XCTRUNNER = YES;
			};
			name = Debug;
		};
		0A0C9BE31C3929AB00FB7387 /* Release */ = {
			isa = XCBuildConfiguration;
			buildSettings = {
				INFOPLIST_FILE = firstSwiftTabUITests/Info.plist;
				LD_RUNPATH_SEARCH_PATHS = "$(inherited) @executable_path/Frameworks @loader_path/Frameworks";
				PRODUCT_BUNDLE_IDENTIFIER = ABCD.firstSwiftTabUITests;
				PRODUCT_NAME = "$(TARGET_NAME)";
				TEST_TARGET_NAME = firstSwiftTab;
				USES_XCTRUNNER = YES;
			};
			name = Release;
		};
/* End XCBuildConfiguration section */

/* Begin XCConfigurationList section */
		0A0C9BAC1C3929AA00FB7387 /* Build configuration list for PBXProject "firstSwiftTab" */ = {
			isa = XCConfigurationList;
			buildConfigurations = (
				0A0C9BD91C3929AB00FB7387 /* Debug */,
				0A0C9BDA1C3929AB00FB7387 /* Release */,
			);
			defaultConfigurationIsVisible = 0;
			defaultConfigurationName = Release;
		};
		0A0C9BDB1C3929AB00FB7387 /* Build configuration list for PBXNativeTarget "firstSwiftTab" */ = {
			isa = XCConfigurationList;
			buildConfigurations = (
				0A0C9BDC1C3929AB00FB7387 /* Debug */,
				0A0C9BDD1C3929AB00FB7387 /* Release */,
			);
			defaultConfigurationIsVisible = 0;
			defaultConfigurationName = Release;
		};
		0A0C9BDE1C3929AB00FB7387 /* Build configuration list for PBXNativeTarget "firstSwiftTabTests" */ = {
			isa = XCConfigurationList;
			buildConfigurations = (
				0A0C9BDF1C3929AB00FB7387 /* Debug */,
				0A0C9BE01C3929AB00FB7387 /* Release */,
			);
			defaultConfigurationIsVisible = 0;
			defaultConfigurationName = Release;
		};
		0A0C9BE11C3929AB00FB7387 /* Build configuration list for PBXNativeTarget "firstSwiftTabUITests" */ = {
			isa = XCConfigurationList;
			buildConfigurations = (
				0A0C9BE21C3929AB00FB7387 /* Debug */,
				0A0C9BE31C3929AB00FB7387 /* Release */,
			);
			defaultConfigurationIsVisible = 0;
			defaultConfigurationName = Release;
		};
/* End XCConfigurationList section */
	};
	rootObject = 0A0C9BA91C3929AA00FB7387 /* Project object */;
}
